
Microsoft Visual Studio Solution File, Format Version 12.00
# Visual Studio Version 17
VisualStudioVersion = 17.5.33516.290
MinimumVisualStudioVersion = 10.0.40219.1
Project("{9A19103F-16F7-4668-BE54-9A1E7A4F7556}") = "Infrastructure", "GlassDetroit\Infrastructure.csproj", "{DB16F2DD-C1F0-456B-AB3A-0F6A6E82B06E}"
	ProjectSection(ProjectDependencies) = postProject
		{630D07EF-9736-451F-8309-B4F7A7196D0D} = {630D07EF-9736-451F-8309-B4F7A7196D0D}
	EndProjectSection
EndProject
Project("{9A19103F-16F7-4668-BE54-9A1E7A4F7556}") = "ApplicationCore", "ApplicationCore\ApplicationCore.csproj", "{630D07EF-9736-451F-8309-B4F7A7196D0D}"
EndProject
Global
	GlobalSection(SolutionConfigurationPlatforms) = preSolution
		Debug|Any CPU = Debug|Any CPU
		Release|Any CPU = Release|Any CPU
	EndGlobalSection
	GlobalSection(ProjectConfigurationPlatforms) = postSolution
		{DB16F2DD-C1F0-456B-AB3A-0F6A6E82B06E}.Debug|Any CPU.ActiveCfg = Debug|Any CPU
		{DB16F2DD-C1F0-456B-AB3A-0F6A6E82B06E}.Debug|Any CPU.Build.0 = Debug|Any CPU
		{DB16F2DD-C1F0-456B-AB3A-0F6A6E82B06E}.Release|Any CPU.ActiveCfg = Release|Any CPU
		{DB16F2DD-C1F0-456B-AB3A-0F6A6E82B06E}.Release|Any CPU.Build.0 = Release|Any CPU
		{630D07EF-9736-451F-8309-B4F7A7196D0D}.Debug|Any CPU.ActiveCfg = Debug|Any CPU
		{630D07EF-9736-451F-8309-B4F7A7196D0D}.Debug|Any CPU.Build.0 = Debug|Any CPU
		{630D07EF-9736-451F-8309-B4F7A7196D0D}.Release|Any CPU.ActiveCfg = Release|Any CPU
		{630D07EF-9736-451F-8309-B4F7A7196D0D}.Release|Any CPU.Build.0 = Release|Any CPU
	EndGlobalSection
	GlobalSection(SolutionProperties) = preSolution
		HideSolutionNode = FALSE
	EndGlobalSection
	GlobalSection(ExtensibilityGlobals) = postSolution
		SolutionGuid = {E38CAC65-B0CE-4E3E-A833-31C80BDCEEF8}
	EndGlobalSection
EndGlobal
